
Microsoft Visual Studio Solution File, Format Version 12.00
# Visual Studio Version 16
VisualStudioVersion = 16.0.30128.74
MinimumVisualStudioVersion = 10.0.40219.1
Project("{FAE04EC0-301F-11D3-BF4B-00C04F79EFBC}") = "New attmpt", "New attmpt\New attmpt.csproj", "{977C960E-7C67-48FA-95C4-8D4111A4B7D3}"
EndProject
Global
	GlobalSection(SolutionConfigurationPlatforms) = preSolution
		Debug|Any CPU = Debug|Any CPU
		Release|Any CPU = Release|Any CPU
	EndGlobalSection
	GlobalSection(ProjectConfigurationPlatforms) = postSolution
		{977C960E-7C67-48FA-95C4-8D4111A4B7D3}.Debug|Any CPU.ActiveCfg = Debug|Any CPU
		{977C960E-7C67-48FA-95C4-8D4111A4B7D3}.Debug|Any CPU.Build.0 = Debug|Any CPU
		{977C960E-7C67-48FA-95C4-8D4111A4B7D3}.Release|Any CPU.ActiveCfg = Release|Any CPU
		{977C960E-7C67-48FA-95C4-8D4111A4B7D3}.Release|Any CPU.Build.0 = Release|Any CPU
	EndGlobalSection
	GlobalSection(SolutionProperties) = preSolution
		HideSolutionNode = FALSE
	EndGlobalSection
	GlobalSection(ExtensibilityGlobals) = postSolution
		SolutionGuid = {37EEEDCB-4933-4403-86C1-DA45E580BE81}
	EndGlobalSection
EndGlobal
